{
  "name": "@quoin/harvest",
  "version": "0.1.0",
  "lockfileVersion": 3,
  "requires": true,
  "packages": {
    "": {
      "name": "@quoin/harvest",
      "version": "0.1.0",
      "dependencies": {
        "@ant-design/colors": "^8.0.1",
        "@carbon/colors": "^11.51.0",
        "@material/material-color-utilities": "^0.2.7",
        "culori": "^4.0.2"
      },
      "devDependencies": {
        "@adobe/spectrum-tokens": "^14.7.0",
        "@atlaskit/tokens": "^13.0.4",
        "@shopify/polaris-tokens": "^9.4.2"
      }
    },
    "node_modules/@adobe/spectrum-tokens": {
      "version": "14.7.0",
      "resolved": "https://registry.npmjs.org/@adobe/spectrum-tokens/-/spectrum-tokens-14.7.0.tgz",
      "integrity": "sha512-s8tZnSaIwG5WivYl/VkhmBStJvbDvYotS0lkXdbHD8wUGxD/F7ac7mnpIEXJyHextlTGRoczilVhjXwJ1J8vKA==",
      "dev": true,
      "license": "Apache-2.0"
    },
    "node_modules/@ant-design/colors": {
      "version": "8.0.1",
      "resolved": "https://registry.npmjs.org/@ant-design/colors/-/colors-8.0.1.tgz",
      "integrity": "sha512-foPVl0+SWIslGUtD/xBr1p9U4AKzPhNYEseXYRRo5QSzGACYZrQbe11AYJbYfAWnWSpGBx6JjBmSeugUsD9vqQ==",
      "license": "MIT",
      "dependencies": {
        "@ant-design/fast-color": "^3.0.0"
      }
    },
    "node_modules/@ant-design/fast-color": {
      "version": "3.0.1",
      "resolved": "https://registry.npmjs.org/@ant-design/fast-color/-/fast-color-3.0.1.tgz",
      "integrity": "sha512-esKJegpW4nckh0o6kV3Tkb7NPIZYbPnnFxmQDUmL08ukXZAvV85TZBr70eGuke/CIArLaP6aw8lt9KILjnWuOw==",
      "license": "MIT",
      "engines": {
        "node": ">=8.x"
      }
    },
    "node_modules/@atlaskit/atlassian-context": {
      "version": "0.9.0",
      "resolved": "https://registry.npmjs.org/@atlaskit/atlassian-context/-/atlassian-context-0.9.0.tgz",
      "integrity": "sha512-5oY2wMYEfXE3oVIdlqQB9HTZHAfp6+xgWuwyVU1dHOTb+VC2DW6nFaFxj6HKsusuZl8auMHlZOl8tiNO1/fYhA==",
      "dev": true,
      "license": "Apache-2.0",
      "dependencies": {
        "@babel/runtime": "^7.0.0"
      },
      "peerDependencies": {
        "react": "^18.2.0 || ^19.0.0"
      }
    },
    "node_modules/@atlaskit/ds-lib": {
      "version": "7.0.0",
      "resolved": "https://registry.npmjs.org/@atlaskit/ds-lib/-/ds-lib-7.0.0.tgz",
      "integrity": "sha512-Uqywr6YMi6uBpD0BtbRmG8f81fteRT7NBf62J8zzWPSs7u3Jq9G3Oruwm3y+57Dxv6IqfRwrS10WJARlCJdBLw==",
      "dev": true,
      "license": "Apache-2.0",
      "dependencies": {
        "@babel/runtime": "^7.0.0",
        "bind-event-listener": "^3.0.0",
        "tiny-invariant": "^1.2.0"
      },
      "peerDependencies": {
        "react": "^18.2.0 || ^19.0.0"
      }
    },
    "node_modules/@atlaskit/feature-gate-js-client": {
      "version": "5.5.12",
      "resolved": "https://registry.npmjs.org/@atlaskit/feature-gate-js-client/-/feature-gate-js-client-5.5.12.tgz",
      "integrity": "sha512-63we8Mc0gF3Q3wdW8lDn0+HlfplbrKtrd6v1AVRWVgrwzCwCULCZvS0UjaqEIc11NPo25Y0obGj6Arp6eT2Q3A==",
      "dev": true,
      "license": "Apache-2.0",
      "dependencies": {
        "@atlaskit/atlassian-context": "^0.9.0",
        "@babel/runtime": "^7.0.0",
        "@statsig/client-core": "^3.27.0",
        "@statsig/js-client": "^3.27.0",
        "eventemitter3": "^4.0.0"
      }
    },
    "node_modules/@atlaskit/platform-feature-flags": {
      "version": "1.1.3",
      "resolved": "https://registry.npmjs.org/@atlaskit/platform-feature-flags/-/platform-feature-flags-1.1.3.tgz",
      "integrity": "sha512-dRn6UvVmMF5+WXnv7ZlxKTV2rVQncI2TgM0KTGSqpHdD9LnogITWC/rFjzUuF/W8MBCEvpouGilukqhq6rASnw==",
      "dev": true,
      "license": "Apache-2.0",
      "dependencies": {
        "@atlaskit/feature-gate-js-client": "^5.5.0",
        "@babel/runtime": "^7.0.0"
      }
    },
    "node_modules/@atlaskit/tokens": {
      "version": "13.0.4",
      "resolved": "https://registry.npmjs.org/@atlaskit/tokens/-/tokens-13.0.4.tgz",
      "integrity": "sha512-DTUMD/NzxtIBb31DZh3xvmcjQPsAafoT109UlcQHcwT20xue9KxiJqAWvh7OSlkI7YrhV11drqbO+p8HugStbg==",
      "dev": true,
      "license": "Apache-2.0",
      "dependencies": {
        "@atlaskit/ds-lib": "^7.0.0",
        "@atlaskit/platform-feature-flags": "^1.1.0",
        "@babel/runtime": "^7.0.0",
        "@babel/traverse": "^7.23.2",
        "@babel/types": "^7.20.0",
        "bind-event-listener": "^3.0.0"
      },
      "peerDependencies": {
        "react": "^18.2.0 || ^19.0.0"
      }
    },
    "node_modules/@babel/code-frame": {
      "version": "7.29.0",
      "resolved": "https://registry.npmjs.org/@babel/code-frame/-/code-frame-7.29.0.tgz",
      "integrity": "sha512-9NhCeYjq9+3uxgdtp20LSiJXJvN0FeCtNGpJxuMFZ1Kv3cWUNb6DOhJwUvcVCzKGR66cw4njwM6hrJLqgOwbcw==",
      "dev": true,
      "license": "MIT",
      "dependencies": {
        "@babel/helper-validator-identifier": "^7.28.5",
        "js-tokens": "^4.0.0",
        "picocolors": "^1.1.1"
      },
      "engines": {
        "node": ">=6.9.0"
      }
    },
    "node_modules/@babel/generator": {
      "version": "7.29.1",
      "resolved": "https://registry.npmjs.org/@babel/generator/-/generator-7.29.1.tgz",
      "integrity": "sha512-qsaF+9Qcm2Qv8SRIMMscAvG4O3lJ0F1GuMo5HR/Bp02LopNgnZBC/EkbevHFeGs4ls/oPz9v+Bsmzbkbe+0dUw==",
      "dev": true,
      "license": "MIT",
      "dependencies": {
        "@babel/parser": "^7.29.0",
        "@babel/types": "^7.29.0",
        "@jridgewell/gen-mapping": "^0.3.12",
        "@jridgewell/trace-mapping": "^0.3.28",
        "jsesc": "^3.0.2"
      },
      "engines": {
        "node": ">=6.9.0"
      }
    },
    "node_modules/@babel/helper-globals": {
      "version": "7.28.0",
      "resolved": "https://registry.npmjs.org/@babel/helper-globals/-/helper-globals-7.28.0.tgz",
      "integrity": "sha512-+W6cISkXFa1jXsDEdYA8HeevQT/FULhxzR99pxphltZcVaugps53THCeiWA8SguxxpSp3gKPiuYfSWopkLQ4hw==",
      "dev": true,
      "license": "MIT",
      "engines": {
        "node": ">=6.9.0"
      }
    },
    "node_modules/@babel/helper-string-parser": {
      "version": "7.27.1",
      "resolved": "https://registry.npmjs.org/@babel/helper-string-parser/-/helper-string-parser-7.27.1.tgz",
      "integrity": "sha512-qMlSxKbpRlAridDExk92nSobyDdpPijUq2DW6oDnUqd0iOGxmQjyqhMIihI9+zv4LPyZdRje2cavWPbCbWm3eA==",
      "dev": true,
      "license": "MIT",
      "engines": {
        "node": ">=6.9.0"
      }
    },
    "node_modules/@babel/helper-validator-identifier": {
      "version": "7.28.5",
      "resolved": "https://registry.npmjs.org/@babel/helper-validator-identifier/-/helper-validator-identifier-7.28.5.tgz",
      "integrity": "sha512-qSs4ifwzKJSV39ucNjsvc6WVHs6b7S03sOh2OcHF9UHfVPqWWALUsNUVzhSBiItjRZoLHx7nIarVjqKVusUZ1Q==",
      "dev": true,
      "license": "MIT",
      "engines": {
        "node": ">=6.9.0"
      }
    },
    "node_modules/@babel/parser": {
      "version": "7.29.3",
      "resolved": "https://registry.npmjs.org/@babel/parser/-/parser-7.29.3.tgz",
      "integrity": "sha512-b3ctpQwp+PROvU/cttc4OYl4MzfJUWy6FZg+PMXfzmt/+39iHVF0sDfqay8TQM3JA2EUOyKcFZt75jWriQijsA==",
      "dev": true,
      "license": "MIT",
      "dependencies": {
        "@babel/types": "^7.29.0"
      },
      "bin": {
        "parser": "bin/babel-parser.js"
      },
      "engines": {
        "node": ">=6.0.0"
      }
    },
    "node_modules/@babel/runtime": {
      "version": "7.29.2",
      "resolved": "https://registry.npmjs.org/@babel/runtime/-/runtime-7.29.2.tgz",
      "integrity": "sha512-JiDShH45zKHWyGe4ZNVRrCjBz8Nh9TMmZG1kh4QTK8hCBTWBi8Da+i7s1fJw7/lYpM4ccepSNfqzZ/QvABBi5g==",
      "dev": true,
      "license": "MIT",
      "engines": {
        "node": ">=6.9.0"
      }
    },
    "node_modules/@babel/template": {
      "version": "7.28.6",
      "resolved": "https://registry.npmjs.org/@babel/template/-/template-7.28.6.tgz",
      "integrity": "sha512-YA6Ma2KsCdGb+WC6UpBVFJGXL58MDA6oyONbjyF/+5sBgxY/dwkhLogbMT2GXXyU84/IhRw/2D1Os1B/giz+BQ==",
      "dev": true,
      "license": "MIT",
      "dependencies": {
        "@babel/code-frame": "^7.28.6",
        "@babel/parser": "^7.28.6",
        "@babel/types": "^7.28.6"
      },
      "engines": {
        "node": ">=6.9.0"
      }
    },
    "node_modules/@babel/traverse": {
      "version": "7.29.0",
      "resolved": "https://registry.npmjs.org/@babel/traverse/-/traverse-7.29.0.tgz",
      "integrity": "sha512-4HPiQr0X7+waHfyXPZpWPfWL/J7dcN1mx9gL6WdQVMbPnF3+ZhSMs8tCxN7oHddJE9fhNE7+lxdnlyemKfJRuA==",
      "dev": true,
      "license": "MIT",
      "dependencies": {
        "@babel/code-frame": "^7.29.0",
        "@babel/generator": "^7.29.0",
        "@babel/helper-globals": "^7.28.0",
        "@babel/parser": "^7.29.0",
        "@babel/template": "^7.28.6",
        "@babel/types": "^7.29.0",
        "debug": "^4.3.1"
      },
      "engines": {
        "node": ">=6.9.0"
      }
    },
    "node_modules/@babel/types": {
      "version": "7.29.0",
      "resolved": "https://registry.npmjs.org/@babel/types/-/types-7.29.0.tgz",
      "integrity": "sha512-LwdZHpScM4Qz8Xw2iKSzS+cfglZzJGvofQICy7W7v4caru4EaAmyUuO6BGrbyQ2mYV11W0U8j5mBhd14dd3B0A==",
      "dev": true,
      "license": "MIT",
      "dependencies": {
        "@babel/helper-string-parser": "^7.27.1",
        "@babel/helper-validator-identifier": "^7.28.5"
      },
      "engines": {
        "node": ">=6.9.0"
      }
    },
    "node_modules/@carbon/colors": {
      "version": "11.51.0",
      "resolved": "https://registry.npmjs.org/@carbon/colors/-/colors-11.51.0.tgz",
      "integrity": "sha512-PgCHKIrZ8t/1oG8ofkv2XDHeuwcmvKsT0nUWVyiCoL6Xf2JWdAyuWyNDDtRuQXJ4ayNAdRk2+pijT23/ooXGlw==",
      "hasInstallScript": true,
      "license": "Apache-2.0",
      "dependencies": {
        "@ibm/telemetry-js": "^1.5.0"
      }
    },
    "node_modules/@ibm/telemetry-js": {
      "version": "1.11.0",
      "resolved": "https://registry.npmjs.org/@ibm/telemetry-js/-/telemetry-js-1.11.0.tgz",
      "integrity": "sha512-RO/9j+URJnSfseWg9ZkEX9p+a3Ousd33DBU7rOafoZB08RqdzxFVYJ2/iM50dkBuD0o7WX7GYt1sLbNgCoE+pA==",
      "license": "Apache-2.0",
      "bin": {
        "ibmtelemetry": "dist/collect.js"
      }
    },
    "node_modules/@jridgewell/gen-mapping": {
      "version": "0.3.13",
      "resolved": "https://registry.npmjs.org/@jridgewell/gen-mapping/-/gen-mapping-0.3.13.tgz",
      "integrity": "sha512-2kkt/7niJ6MgEPxF0bYdQ6etZaA+fQvDcLKckhy1yIQOzaoKjBBjSj63/aLVjYE3qhRt5dvM+uUyfCg6UKCBbA==",
      "dev": true,
      "license": "MIT",
      "dependencies": {
        "@jridgewell/sourcemap-codec": "^1.5.0",
        "@jridgewell/trace-mapping": "^0.3.24"
      }
    },
    "node_modules/@jridgewell/resolve-uri": {
      "version": "3.1.2",
      "resolved": "https://registry.npmjs.org/@jridgewell/resolve-uri/-/resolve-uri-3.1.2.tgz",
      "integrity": "sha512-bRISgCIjP20/tbWSPWMEi54QVPRZExkuD9lJL+UIxUKtwVJA8wW1Trb1jMs1RFXo1CBTNZ/5hpC9QvmKWdopKw==",
      "dev": true,
      "license": "MIT",
      "engines": {
        "node": ">=6.0.0"
      }
    },
    "node_modules/@jridgewell/sourcemap-codec": {
      "version": "1.5.5",
      "resolved": "https://registry.npmjs.org/@jridgewell/sourcemap-codec/-/sourcemap-codec-1.5.5.tgz",
      "integrity": "sha512-cYQ9310grqxueWbl+WuIUIaiUaDcj7WOq5fVhEljNVgRfOUhY9fy2zTvfoqWsnebh8Sl70VScFbICvJnLKB0Og==",
      "dev": true,
      "license": "MIT"
    },
    "node_modules/@jridgewell/trace-mapping": {
      "version": "0.3.31",
      "resolved": "https://registry.npmjs.org/@jridgewell/trace-mapping/-/trace-mapping-0.3.31.tgz",
      "integrity": "sha512-zzNR+SdQSDJzc8joaeP8QQoCQr8NuYx2dIIytl1QeBEZHJ9uW6hebsrYgbz8hJwUQao3TWCMtmfV8Nu1twOLAw==",
      "dev": true,
      "license": "MIT",
      "dependencies": {
        "@jridgewell/resolve-uri": "^3.1.0",
        "@jridgewell/sourcemap-codec": "^1.4.14"
      }
    },
    "node_modules/@material/material-color-utilities": {
      "version": "0.2.7",
      "resolved": "https://registry.npmjs.org/@material/material-color-utilities/-/material-color-utilities-0.2.7.tgz",
      "integrity": "sha512-0FCeqG6WvK4/Cc06F/xXMd/pv4FeisI0c1tUpBbfhA2n9Y8eZEv4Karjbmf2ZqQCPUWMrGp8A571tCjizxoTiQ==",
      "license": "Apache-2.0"
    },
    "node_modules/@shopify/polaris-tokens": {
      "version": "9.4.2",
      "resolved": "https://registry.npmjs.org/@shopify/polaris-tokens/-/polaris-tokens-9.4.2.tgz",
      "integrity": "sha512-WNoDWLYFj38Cj0FolbNsLaY54JbjuYoO0qsLCj6yBb3Bkg4BEdAjOHji9AktL9IZGPsNhTcMp2/8CfzKtSHg2A==",
      "dev": true,
      "license": "SEE LICENSE IN LICENSE.md",
      "dependencies": {
        "deepmerge": "^4.3.1"
      },
      "engines": {
        "node": ">=20.10.0"
      }
    },
    "node_modules/@statsig/client-core": {
      "version": "3.33.0",
      "resolved": "https://registry.npmjs.org/@statsig/client-core/-/client-core-3.33.0.tgz",
      "integrity": "sha512-i0eiAtFkm7Ny38etC5rJ/fkWiAECgyfK23/KIFk8z8LvPW77QmUXJfNeTqFikEOKAsAGU/pxXmchpo8hn9nWBA==",
      "dev": true,
      "license": "ISC"
    },
    "node_modules/@statsig/js-client": {
      "version": "3.33.0",
      "resolved": "https://registry.npmjs.org/@statsig/js-client/-/js-client-3.33.0.tgz",
      "integrity": "sha512-jwAjyCI0FQSvoviQqdO2u1pchuG88eUT2/EoCtEV4vda4XilzuX3eUBK+J2nhRZB2u8CLNV7PZoONdy/Tls7yQ==",
      "dev": true,
      "license": "ISC",
      "dependencies": {
        "@statsig/client-core": "3.33.0"
      }
    },
    "node_modules/bind-event-listener": {
      "version": "3.0.0",
      "resolved": "https://registry.npmjs.org/bind-event-listener/-/bind-event-listener-3.0.0.tgz",
      "integrity": "sha512-PJvH288AWQhKs2v9zyfYdPzlPqf5bXbGMmhmUIY9x4dAUGIWgomO771oBQNwJnMQSnUIXhKu6sgzpBRXTlvb8Q==",
      "dev": true,
      "license": "MIT"
    },
    "node_modules/culori": {
      "version": "4.0.2",
      "resolved": "https://registry.npmjs.org/culori/-/culori-4.0.2.tgz",
      "integrity": "sha512-1+BhOB8ahCn4O0cep0Sh2l9KCOfOdY+BXJnKMHFFzDEouSr/el18QwXEMRlOj9UY5nCeA8UN3a/82rUWRBeyBw==",
      "license": "MIT",
      "engines": {
        "node": "^12.20.0 || ^14.13.1 || >=16.0.0"
      }
    },
    "node_modules/debug": {
      "version": "4.4.3",
      "resolved": "https://registry.npmjs.org/debug/-/debug-4.4.3.tgz",
      "integrity": "sha512-RGwwWnwQvkVfavKVt22FGLw+xYSdzARwm0ru6DhTVA3umU5hZc28V3kO4stgYryrTlLpuvgI9GiijltAjNbcqA==",
      "dev": true,
      "license": "MIT",
      "dependencies": {
        "ms": "^2.1.3"
      },
      "engines": {
        "node": ">=6.0"
      },
      "peerDependenciesMeta": {
        "supports-color": {
          "optional": true
        }
      }
    },
    "node_modules/deepmerge": {
      "version": "4.3.1",
      "resolved": "https://registry.npmjs.org/deepmerge/-/deepmerge-4.3.1.tgz",
      "integrity": "sha512-3sUqbMEc77XqpdNO7FRyRog+eW3ph+GYCbj+rK+uYyRMuwsVy0rMiVtPn+QJlKFvWP/1PYpapqYn0Me2knFn+A==",
      "dev": true,
      "license": "MIT",
      "engines": {
        "node": ">=0.10.0"
      }
    },
    "node_modules/eventemitter3": {
      "version": "4.0.7",
      "resolved": "https://registry.npmjs.org/eventemitter3/-/eventemitter3-4.0.7.tgz",
      "integrity": "sha512-8guHBZCwKnFhYdHr2ysuRWErTwhoN2X8XELRlrRwpmfeY2jjuUN4taQMsULKUVo1K4DvZl+0pgfyoysHxvmvEw==",
      "dev": true,
      "license": "MIT"
    },
    "node_modules/js-tokens": {
      "version": "4.0.0",
      "resolved": "https://registry.npmjs.org/js-tokens/-/js-tokens-4.0.0.tgz",
      "integrity": "sha512-RdJUflcE3cUzKiMqQgsCu06FPu9UdIJO0beYbPhHN4k6apgJtifcoCtT9bcxOpYBtpD2kCM6Sbzg4CausW/PKQ==",
      "dev": true,
      "license": "MIT"
    },
    "node_modules/jsesc": {
      "version": "3.1.0",
      "resolved": "https://registry.npmjs.org/jsesc/-/jsesc-3.1.0.tgz",
      "integrity": "sha512-/sM3dO2FOzXjKQhJuo0Q173wf2KOo8t4I8vHy6lF9poUp7bKT0/NHE8fPX23PwfhnykfqnC2xRxOnVw5XuGIaA==",
      "dev": true,
      "license": "MIT",
      "bin": {
        "jsesc": "bin/jsesc"
      },
      "engines": {
        "node": ">=6"
      }
    },
    "node_modules/ms": {
      "version": "2.1.3",
      "resolved": "https://registry.npmjs.org/ms/-/ms-2.1.3.tgz",
      "integrity": "sha512-6FlzubTLZG3J2a/NVCAleEhjzq5oxgHyaCU9yYXvcLsvoVaHJq/s5xXI6/XXP6tz7R9xAOtHnSO/tXtF3WRTlA==",
      "dev": true,
      "license": "MIT"
    },
    "node_modules/picocolors": {
      "version": "1.1.1",
      "resolved": "https://registry.npmjs.org/picocolors/-/picocolors-1.1.1.tgz",
      "integrity": "sha512-xceH2snhtb5M9liqDsmEw56le376mTZkEX/jEb/RxNFyegNul7eNslCXP9FDj/Lcu0X8KEyMceP2ntpaHrDEVA==",
      "dev": true,
      "license": "ISC"
    },
    "node_modules/react": {
      "version": "19.2.6",
      "resolved": "https://registry.npmjs.org/react/-/react-19.2.6.tgz",
      "integrity": "sha512-sfWGGfavi0xr8Pg0sVsyHMAOziVYKgPLNrS7ig+ivMNb3wbCBw3KxtflsGBAwD3gYQlE/AEZsTLgToRrSCjb0Q==",
      "dev": true,
      "license": "MIT",
      "peer": true,
      "engines": {
        "node": ">=0.10.0"
      }
    },
    "node_modules/tiny-invariant": {
      "version": "1.3.3",
      "resolved": "https://registry.npmjs.org/tiny-invariant/-/tiny-invariant-1.3.3.tgz",
      "integrity": "sha512-+FbBPE1o9QAYvviau/qC5SE3caw21q3xkvWKBtja5vgqOWIHHJ3ioaq1VPfn/Szqctz2bU/oYeKd9/z5BL+PVg==",
      "dev": true,
      "license": "MIT"
    }
  }
}
